{"SurveyEntry":{"SurveyID":"SV_0e1S0FOmvUwDTXn","SurveyName":"Mandelkern Beddor & Egan I believe","SurveyDescription":null,"SurveyOwnerID":"UR_4U53s07cvZalUrO","SurveyBrandID":"yale","DivisionID":null,"SurveyLanguage":"EN","SurveyActiveResponseSet":"RS_eEwQrsG72k0LrGB","SurveyStatus":"Active","SurveyStartDate":"0000-00-00 00:00:00","SurveyExpirationDate":"0000-00-00 00:00:00","SurveyCreationDate":"2019-01-05 09:53:31","CreatorID":"UR_4U53s07cvZalUrO","LastModified":"2020-06-01 10:00:26","LastAccessed":"0000-00-00 00:00:00","LastActivated":"2019-01-05 10:18:29","Deleted":null},"SurveyElements":[{"SurveyID":"SV_0e1S0FOmvUwDTXn","Element":"BL","PrimaryAttribute":"Survey Blocks","SecondaryAttribute":null,"TertiaryAttribute":null,"Payload":{"1":{"Type":"Trash","Description":"Trash \/ Unused Questions","ID":"BL_6KW0rS5jRpjw80B","BlockElements":[{"Type":"Question","QuestionID":"QID116"}]},"4":{"Type":"Standard","Description":"demographics","ID":"BL_9MoxCLacL4JOYjb","BlockElements":[{"Type":"Question","QuestionID":"QID10"},{"Type":"Question","QuestionID":"QID13"},{"Type":"Question","QuestionID":"QID16"},{"Type":"Question","QuestionID":"QID17"},{"Type":"Question","QuestionID":"QID18"}],"Options":{"BlockLocking":"false","RandomizeQuestions":"false","BlockVisibility":"Expanded"}},"9":{"Type":"Standard","SubType":"","Description":"Consent","ID":"BL_eJ6NyoGblphTLzD","BlockElements":[{"Type":"Question","QuestionID":"QID34"}],"Options":{"BlockLocking":"false","RandomizeQuestions":"false","BlockVisibility":"Expanded"}},"29":{"Type":"Standard","SubType":"","Description":"Probably - Prejacent","ID":"BL_bxzBcjYBdZq674h","BlockElements":[{"Type":"Question","QuestionID":"QID139"},{"Type":"Question","QuestionID":"QID141"}],"Options":{"BlockLocking":false,"RandomizeQuestions":"false","BlockVisibility":"Expanded"}},"30":{"Type":"Standard","SubType":"","Description":"Probably - Competence","ID":"BL_8Jqn8uMHhhHFPkp","BlockElements":[{"Type":"Question","QuestionID":"QID149"},{"Type":"Question","QuestionID":"QID150"}],"Options":{"BlockLocking":false,"RandomizeQuestions":"false","BlockVisibility":"Expanded"}},"31":{"Type":"Standard","SubType":"","Description":"Think - Prejacent","ID":"BL_0MJqKsZAbpUu5TL","BlockElements":[{"Type":"Question","QuestionID":"QID151"},{"Type":"Question","QuestionID":"QID152"}],"Options":{"BlockLocking":false,"RandomizeQuestions":"false","BlockVisibility":"Expanded"}},"32":{"Type":"Standard","SubType":"","Description":"Think - Competence","ID":"BL_9p1afs6dooN8gG9","BlockElements":[{"Type":"Question","QuestionID":"QID153"},{"Type":"Question","QuestionID":"QID154"}],"Options":{"BlockLocking":false,"RandomizeQuestions":"false","BlockVisibility":"Expanded"}},"33":{"Type":"Standard","SubType":"","Description":"Probably Comprehension Check","ID":"BL_9HVw3yD2ElfjOGp","BlockElements":[{"Type":"Question","QuestionID":"QID155"}]},"34":{"Type":"Standard","SubType":"","Description":"Think Comprehension Check","ID":"BL_6Sh99Gtn8318czH","BlockElements":[{"Type":"Question","QuestionID":"QID156"}]}}},{"SurveyID":"SV_0e1S0FOmvUwDTXn","Element":"BR","PrimaryAttribute":"FL_11","SecondaryAttribute":null,"TertiaryAttribute":null,"Payload":{"FL_22":0,"ID":"FL_11"}},{"SurveyID":"SV_0e1S0FOmvUwDTXn","Element":"FL","PrimaryAttribute":"Survey Flow","SecondaryAttribute":null,"TertiaryAttribute":null,"Payload":{"Type":"Root","FlowID":"FL_1","Flow":[{"Type":"Standard","ID":"BL_eJ6NyoGblphTLzD","FlowID":"FL_15"},{"Type":"BlockRandomizer","FlowID":"FL_34","SubSet":1,"EvenPresentation":true,"Flow":[{"Type":"Branch","FlowID":"FL_50","Description":"New Branch","BranchLogic":{"0":{"0":{"LogicType":"Question","QuestionID":"QID34","QuestionIsInLoop":"no","ChoiceLocator":"q:\/\/QID34\/DisplayableQuestion\/1","Operator":"Displayed","QuestionIDFromLocator":"QID34","LeftOperand":"q:\/\/QID34\/QuestionDisplayed","Type":"Expression","Description":"<span class=\"ConjDesc\">If<\/span> <span class=\"QuestionDesc\">Please consider this information carefully before deciding whether to participate in this researc...<\/span> <span class=\"LeftOpDesc\"><\/span> <span class=\"OpDesc\">Is Displayed<\/span> "},"Type":"If"},"Type":"BooleanExpression"},"Flow":[{"Type":"BlockRandomizer","FlowID":"FL_51","SubSet":1,"EvenPresentation":true,"Flow":[{"Type":"Standard","ID":"BL_0MJqKsZAbpUu5TL","FlowID":"FL_45"},{"Type":"Standard","ID":"BL_9p1afs6dooN8gG9","FlowID":"FL_46"}]},{"Type":"Standard","ID":"BL_6Sh99Gtn8318czH","FlowID":"FL_48"}]},{"Type":"Branch","FlowID":"FL_52","Description":"New Branch","BranchLogic":{"0":{"0":{"LogicType":"Question","QuestionID":"QID34","QuestionIsInLoop":"no","ChoiceLocator":"q:\/\/QID34\/DisplayableQuestion\/1","Operator":"Displayed","QuestionIDFromLocator":"QID34","LeftOperand":"q:\/\/QID34\/QuestionDisplayed","Type":"Expression","Description":"<span class=\"ConjDesc\">If<\/span> <span class=\"QuestionDesc\">Please consider this information carefully before deciding whether to participate in this researc...<\/span> <span class=\"LeftOpDesc\"><\/span> <span class=\"OpDesc\">Is Displayed<\/span> "},"Type":"If"},"Type":"BooleanExpression"},"Flow":[{"Type":"BlockRandomizer","FlowID":"FL_53","SubSet":1,"EvenPresentation":true,"Flow":[{"Type":"Standard","ID":"BL_bxzBcjYBdZq674h","FlowID":"FL_42"},{"Type":"Standard","ID":"BL_8Jqn8uMHhhHFPkp","FlowID":"FL_44"}]},{"Type":"Standard","ID":"BL_9HVw3yD2ElfjOGp","FlowID":"FL_47"}]}]},{"Type":"Standard","ID":"BL_9MoxCLacL4JOYjb","FlowID":"FL_5"}],"Properties":{"Count":53,"RemovedFieldsets":[]}}},{"SurveyID":"SV_0e1S0FOmvUwDTXn","Element":"SO","PrimaryAttribute":"Survey Options","SecondaryAttribute":null,"TertiaryAttribute":null,"Payload":{"BackButton":"false","SaveAndContinue":"true","SurveyProtection":"PublicSurvey","BallotBoxStuffingPrevention":"true","OneCompletePerIP":"false","SurveyExpiration":null,"SurveyTermination":"DisplayMessage","Header":"","Footer":"","ProgressBarDisplay":"None","PartialData":"+1 week","ValidationMessage":null,"PreviousButton":"  <<  ","NextButton":"  >>  ","SkinLibrary":"Qualtrics","SkinType":"MQ","Skin":"v4qualtrics2","NewScoring":1,"libraryId":"","nextButtonMid":"","previousButtonMid":"","headerMid":"","footerMid":"","QuestionsPerPage":"","ExternalCSS":null,"CustomStyles":{"errorStyles":{"selector":".Skin .ValidationError","styles":{"color":null,"backgroundColor":null,"borderColor":null}},"errorStylesBG":{"selector":".Skin .HeaderValidationError, .Skin .HeaderValidationError li a","styles":{"color":null,"backgroundColor":null}},"pageStyles":{"selector":"#SurveyEngineBody","styles":{"backgroundColor":null}},"textStyles":{"selector":".SkinInner","styles":{"fontFamily":null,"fontSize":null,"fontWeight":null,"fontStyle":null,"textDecoration":null,"color":null}},"questionStyles":{"selector":".Skin .QuestionText","styles":{"fontFamily":null,"fontSize":null,"fontWeight":null,"fontStyle":null,"textDecoration":null,"color":null}},"choiceStyles":{"selector":".Skin .horizontalbar th.ylabel, .Skin .Matrix table td, .Skin .Matrix table th, .Skin .Matrix table thead th, .Skin .Matrix table thead td, .Skin .PGR .DragAndDrop .Items label, .Skin .QuestionBody ul.ChoiceStructure, .Skin .PGR .DragAndDrop .Group ul, .Skin .PGR .DragAndDrop .Group h2, .Skin .PGR .DragAndDrop .Items ul, .Skin .PGR .DragAndDrop .Items h2, .Skin .DD .QuestionBody table.ChoiceStructure, .Skin .PGR .DragAndDrop .NoColumns td.groupsContainerTd div ul, .Skin .PGR .DragAndDrop .NoColumns td.groupsContainerTd div h2, .Skin .SBS thead th, .Skin .SBS td, .Skin .SBS .Answers td, .Skin .SBS .Answers th, .SBS table.ChoiceStructure, .Skin .horizontalbar thead table.LabelDescriptions tr td, .Skin .horizontalbar thead tr td.NotApplicable, .QuestionBody th, .Skin .QuestionBody .MC .MAVR label, .Skin .QuestionBody .MC .SAVR label, .Skin .SBS thead th, .Skin .SBS td, .Skin .RO .DND ul li, .Skin .reg, .SkinInner .ChoiceStructure, .Skin thead, .Skin .GAP .ChoiceStructure thead th, .Skin .GAP .ChoiceStructure .c4, .Skin .GAP .ChoiceStructure th, .Skin .GAP .ChoiceStructure .WhyText, .SkinInner .ChoiceStructure .LightBG, .Skin .QuestionOuter.Highlight .Inner .reg, .Skin .QuestionOuter.Highlight .Inner .alt, .Skin .QuestionOuter.Highlight .Inner .ReadableAlt       ","styles":{"fontFamily":null,"fontSize":null,"fontWeight":null,"fontStyle":null,"textDecoration":null,"color":null}},"headerStyles":{"selector":".Skin div#Header","styles":{"color":null}},"footerStyles":{"selector":".Skin #Footer","styles":{"color":null}},"questionSeparatorStyles":{"selector":".Skin .Separator","styles":{"backgroundColor":null,"display":"block"}},"highlightStyles":{"selector":".Skin .QuestionOuter.Highlight .Inner, .Skin .QuestionOuter.Highlight .Inner .reg, .Skin .QuestionOuter.Highlight .Inner .alt, .Skin .QuestionOuter.Highlight .Inner .ReadableAlt","styles":{"backgroundColor":null}},"highlightStylesAlt":{"selector":".Skin .QuestionOuter.Highlight .Inner .ReadableAlt, .Skin .QuestionOuter.Highlight .Inner .LightBG","styles":{"backgroundColor":null}},"textEntryStyles":{"selector":".Skin select, .Skin .InputText","styles":{"color":null}},"borderStyles":{"selector":".Skin .CS .horizontalbar table.sliderGrid tr.xlabel th, .Skin .CS .horizontalbar .ylabel, .Skin .CS .horizontalbar table.sliderGrid tr td.value, .Skin .Slider .horizontalbar table.sliderGrid tr.xlabel th, .Skin .BorderColor, .Skin .DarkBorderColor, .Skin .Slider .horizontalbar table.sliderGrid tr td.value, .Skin thead, .Skin .GAP .ChoiceStructure thead th  ","styles":{"borderColor":null}},"altRowStyles":{"selector":".Skin .ReadableAlt, .Skin .LightBG","styles":{"backgroundColor":null}},"customCSS":null},"HighlightQuestions":"off","EOSMessage":"MS_82M8A9G5OvtDo1v","ShowExportTags":"false","CollectGeoLocation":"false","SurveyTitle":"Survey | Qualtrics Survey Software","SurveyMetaDescription":"Survey Software, Enterprise Survey software for enterprise feedback management and CRM solutions. Enables high-quality data collection, panel management and results analysis. Perfect for market research or CRM solution (Customer Relationship Management) integration. Free trial and consultation.","PasswordProtection":"No","AnonymizeResponse":"No","Password":"","RefererCheck":"No","NoIndex":"No","RefererURL":"http:\/\/","EOSMessageLibrary":"UR_4U53s07cvZalUrO","EOSRedirectURL":"https:\/\/","EmailThankYou":"false","ThankYouEmailMessageLibrary":null,"ThankYouEmailMessage":null,"ValidateMessage":"false","ValidationMessageLibrary":null,"InactiveSurvey":"DefaultMessage","InactiveMessageLibrary":"","InactiveMessage":"","AvailableLanguages":{"EN":[]},"ProtectSelectionIds":true,"PageTransition":"Slide","SecureResponseFiles":"false","ResponseSummary":"No","PartialDataCloseAfter":"LastActivity","ActiveResponseSet":null,"RecaptchaV3":"false"}},{"SurveyID":"SV_0e1S0FOmvUwDTXn","Element":"SCO","PrimaryAttribute":"Scoring","SecondaryAttribute":null,"TertiaryAttribute":null,"Payload":{"ScoringCategories":[],"ScoringCategoryGroups":[],"ScoringSummaryCategory":null,"ScoringSummaryAfterQuestions":0,"ScoringSummaryAfterSurvey":0,"DefaultScoringCategory":null,"AutoScoringCategory":null}},{"SurveyID":"SV_0e1S0FOmvUwDTXn","Element":"PROJ","PrimaryAttribute":"CORE","SecondaryAttribute":null,"TertiaryAttribute":"1.1.0","Payload":{"ProjectCategory":"CORE","SchemaVersion":"1.1.0"}},{"SurveyID":"SV_0e1S0FOmvUwDTXn","Element":"STAT","PrimaryAttribute":"Survey Statistics","SecondaryAttribute":null,"TertiaryAttribute":null,"Payload":{"MobileCompatible":true,"ID":"Survey Statistics"}},{"SurveyID":"SV_0e1S0FOmvUwDTXn","Element":"QC","PrimaryAttribute":"Survey Question Count","SecondaryAttribute":"156","TertiaryAttribute":null,"Payload":null},{"SurveyID":"SV_0e1S0FOmvUwDTXn","Element":"RS","PrimaryAttribute":"RS_eEwQrsG72k0LrGB","SecondaryAttribute":"Default Response Set","TertiaryAttribute":null,"Payload":null},{"SurveyID":"SV_0e1S0FOmvUwDTXn","Element":"SQ","PrimaryAttribute":"QID13","SecondaryAttribute":"How religious are\nyou?","TertiaryAttribute":null,"Payload":{"QuestionText":"<strong><span style=\"font-size: 16px;\"><span style=\"font-family: times new roman,times,serif;\">How religious are you?<\/span><\/span><\/strong>","DataExportTag":"religion","QuestionType":"MC","Selector":"SAHR","SubSelector":"TX","Configuration":{"QuestionDescriptionOption":"UseText","LabelPosition":"BELOW"},"QuestionDescription":"How religious are\nyou?","Choices":{"1":{"Display":"Not at All Religious"},"2":{"Display":"&nbsp;"},"3":{"Display":"&nbsp;"},"4":{"Display":"&nbsp;"},"5":{"Display":"&nbsp;"},"6":{"Display":"Extremely Religious"}},"ChoiceOrder":["1","2","3","4","5","6"],"Validation":{"Settings":{"ForceResponseType":"ON","Type":"None"}},"GradingData":[{"ChoiceID":"1","Grades":{"Grade":"1"},"index":0},{"ChoiceID":"2","Grades":{"Grade":"2"},"index":1},{"ChoiceID":"3","Grades":{"Grade":"3"},"index":2},{"ChoiceID":"4","Grades":{"Grade":"4"},"index":3},{"ChoiceID":"5","Grades":{"Grade":"5"},"index":4},{"ChoiceID":"6","Grades":{"Grade":"6"},"index":5}],"Language":[],"QuestionID":"QID13"}},{"SurveyID":"SV_0e1S0FOmvUwDTXn","Element":"SQ","PrimaryAttribute":"QID155","SecondaryAttribute":"In the scenario you just read, which of the following did John\u2019s primary care physician say?","TertiaryAttribute":null,"Payload":{"QuestionText":"In the scenario you just read, which of the following did John\u2019s primary care physician say?","DataExportTag":"ProbComp","QuestionType":"MC","Selector":"SAVR","SubSelector":"TX","Configuration":{"QuestionDescriptionOption":"UseText"},"QuestionDescription":"In the scenario you just read, which of the following did John\u2019s primary care physician say?","Choices":{"1":{"Display":"You probably have strep."},"2":{"Display":"You probably don\u2019t have strep."},"3":{"Display":"You probably have pneumonia."},"4":{"Display":"You probably don\u2019t have pneumonia."}},"ChoiceOrder":["1","2","3","4"],"Validation":{"Settings":{"ForceResponse":"OFF","ForceResponseType":"ON","Type":"None"}},"Language":[],"NextChoiceId":5,"NextAnswerId":1,"QuestionID":"QID155"}},{"SurveyID":"SV_0e1S0FOmvUwDTXn","Element":"SQ","PrimaryAttribute":"QID156","SecondaryAttribute":"In the scenario you just read, which of the following did John\u2019s primary care physician say?","TertiaryAttribute":null,"Payload":{"QuestionText":"In the scenario you just read, which of the following did John\u2019s primary care physician say?","QuestionType":"MC","Selector":"SAVR","SubSelector":"TX","Configuration":{"QuestionDescriptionOption":"UseText"},"QuestionDescription":"In the scenario you just read, which of the following did John\u2019s primary care physician say?","Choices":{"1":{"Display":"I think you have strep."},"2":{"Display":"I don't think you have strep."},"3":{"Display":"I think you have pneumonia."},"4":{"Display":"I don't think you have pneumonia."}},"ChoiceOrder":["1","2","3","4"],"Validation":{"Settings":{"ForceResponse":"OFF","ForceResponseType":"ON","Type":"None"}},"Language":[],"NextChoiceId":5,"NextAnswerId":1,"QuestionText_Unsafe":"In the scenario you just read, which of the following did John\u2019s primary care physician say?","DataExportTag":"ThinComp","QuestionID":"QID156","DataVisibility":{"Private":false,"Hidden":false}}},{"SurveyID":"SV_0e1S0FOmvUwDTXn","Element":"SQ","PrimaryAttribute":"QID139","SecondaryAttribute":"In this study we are going to ask you to read a story and then answer a question about it. Please...","TertiaryAttribute":null,"Payload":{"QuestionText":"<div>In this study we are going to ask you to read a story and then answer a question about it. Please read the following scenario carefully:<\/div>\n\n<div>&nbsp;<\/div>\n\n<div>\n<div>John is worried he might have strep throat. He goes to his primary\ncare physician and she runs an initial test that indicates that there is a\n75% chance that John does not have strep. Based on the initial test\nresults, John\u2019s doctor says: \u201cYou probably don\u2019t have strep throat.\"<\/div><div><br><\/div><div>John comes back two days later to find out the results of the throat\nculture, and sees a different doctor. The throat culture comes up positive, which indicates there is a 90% chance that John has strep throat.\nJohn has not yet seen the results of these tests, but his new doctor\nhas.&nbsp;<\/div><div><br><\/div><div>John asks the new doctor: \u201cI\u2019m trying to figure out whether I\nneed to take antibiotics. My primary care physician told me, \u2018You\nprobably don\u2019t have strep.\u2019 Is what she said true?\"<\/div>\n<\/div>\n\n<div>&nbsp;<\/div>\n\n<div>&nbsp;Which of the following responses would be correct?\n<\/div>","DefaultChoices":false,"DataExportTag":"probPrej","QuestionID":"QID139","QuestionType":"MC","Selector":"SAVR","SubSelector":"TX","DataVisibility":{"Private":false,"Hidden":false},"Configuration":{"QuestionDescriptionOption":"UseText"},"QuestionDescription":"In this study we are going to ask you to read a story and then answer a question about it. Please...","Choices":{"4":{"Display":"\u201cNo, it\u2019s not\u201d"},"5":{"Display":"\u201cYes, it is\u201d"}},"ChoiceOrder":["4","5"],"Validation":{"Settings":{"ForceResponse":"OFF","ForceResponseType":"ON","Type":"None"}},"GradingData":[],"Language":[],"NextChoiceId":7,"NextAnswerId":1}},{"SurveyID":"SV_0e1S0FOmvUwDTXn","Element":"SQ","PrimaryAttribute":"QID149","SecondaryAttribute":"In this study we are going to ask you to read a story and then answer a question about it. Please...","TertiaryAttribute":null,"Payload":{"QuestionText":"<div>In this study we are going to ask you to read a story and then answer a question about it. Please read the following scenario carefully:<\/div>\n\n<div>&nbsp;<\/div>\n\n<div>\n<div>John is worried he might have strep throat. He goes to his primary\ncare physician and she runs an initial test that indicates that there is a\n75% chance that John does not have strep. Based on the initial test results, John\u2019s doctor says: \u201cYou probably don\u2019t have strep throat.\"<\/div><div><br><\/div><div>John comes back two days later to find out the results of the throat\nculture, and sees a different doctor. The throat culture comes up positive, which indicates there is a 90% chance that John has strep throat.&nbsp;<\/div><div><br><\/div><div>But now John wants to know whether his primary care physician\nmade a mistake administering the initial test, so he asks: \u201cI\u2019m trying\nto figure out whether I can rely on my primary care physician. She\ntold me, \u2018You probably don\u2019t have strep\u2019. Is what she said true?\u201d&nbsp;<\/div><div><br><\/div><div>The new doctor reviews the initial tests, and confirms that John\u2019s\nprimary care physician had not made any mistakes interpreting the\nresults. Given this, which of the following responses would be correct?<\/div><\/div>","DefaultChoices":false,"QuestionType":"MC","Selector":"SAVR","SubSelector":"TX","DataVisibility":{"Private":false,"Hidden":false},"Configuration":{"QuestionDescriptionOption":"UseText"},"QuestionDescription":"In this study we are going to ask you to read a story and then answer a question about it. Please...","Choices":{"4":{"Display":"\u201cNo, it\u2019s not\u201d"},"5":{"Display":"\u201cYes, it is\u201d"}},"ChoiceOrder":["4","5"],"Validation":{"Settings":{"ForceResponse":"OFF","ForceResponseType":"ON","Type":"None"}},"GradingData":[],"Language":[],"NextChoiceId":7,"NextAnswerId":1,"QuestionText_Unsafe":"<div>In this study we are going to ask you to read a story and then answer a question about it. Please read the following scenario carefully:<\/div>\n\n<div>&nbsp;<\/div>\n\n<div>\n<div>John is worried he might have strep throat. He goes to his primary\ncare physician and she runs an initial test that indicates that there is a\n75% chance that John does not have strep. Based on the initial test\nresults, John\u2019s doctor says: \u201cYou probably don\u2019t have strep throat.\"<\/div><div><br><\/div><div>John comes back two days later to find out the results of the throat\nculture, and sees a different doctor. The throat culture comes up positive, which indicates there is a 90% chance that John has strep throat.\nJohn has not yet seen the results of these tests, but his new doctor\nhas.&nbsp;<\/div><div><br><\/div><div>John asks the new doctor: \u201cI\u2019m trying to figure out whether I\nneed to take antibiotics. My primary care physician told me, \u2018You\nprobably don\u2019t have strep.\u2019 Is what she said true?<\/div>\n<\/div>\n\n<div>&nbsp;<\/div>\n\n<div>&nbsp;Which of the following responses would be correct?\n<\/div>","DataExportTag":"probComp","QuestionID":"QID149"}},{"SurveyID":"SV_0e1S0FOmvUwDTXn","Element":"SQ","PrimaryAttribute":"QID151","SecondaryAttribute":"In this study we are going to ask you to read a story and then answer a question about it. Please...","TertiaryAttribute":null,"Payload":{"QuestionText":"<div>In this study we are going to ask you to read a story and then answer a question about it. Please read the following scenario carefully:<\/div>\n\n<div>&nbsp;<\/div>\n\n<div>\n<div>John is worried he might have strep throat. He goes to his primary\ncare physician and she runs an initial test that indicates that there is a\n75% chance that John does not have strep. Based on the initial test\nresults, John\u2019s doctor says: \u201cI don't think you have strep throat.\"<\/div><div><br><\/div><div>John comes back two days later to find out the results of the throat\nculture, and sees a different doctor. The throat culture comes up positive, which indicates there is a 90% chance that John has strep throat.\nJohn has not yet seen the results of these tests, but his new doctor\nhas.&nbsp;<\/div><div><br><\/div><div>John asks the new doctor: \u201cI\u2019m trying to figure out whether I\nneed to take antibiotics. My primary care physician told me, \u2018I don't think you&nbsp;have strep.\u2019 Is what she said true?\"<\/div>\n<\/div>\n\n<div>&nbsp;<\/div>\n\n<div>&nbsp;Which of the following responses would be correct?\n<\/div>","DefaultChoices":false,"QuestionType":"MC","Selector":"SAVR","SubSelector":"TX","DataVisibility":{"Private":false,"Hidden":false},"Configuration":{"QuestionDescriptionOption":"UseText"},"QuestionDescription":"In this study we are going to ask you to read a story and then answer a question about it. Please...","Choices":{"4":{"Display":"\u201cNo, it\u2019s not\u201d"},"5":{"Display":"\u201cYes, it is\u201d"}},"ChoiceOrder":["4","5"],"Validation":{"Settings":{"ForceResponse":"OFF","ForceResponseType":"ON","Type":"None"}},"GradingData":[],"Language":[],"NextChoiceId":7,"NextAnswerId":1,"QuestionText_Unsafe":"<div>In this study we are going to ask you to read a story and then answer a question about it. Please read the following scenario carefully:<\/div>\n\n<div>&nbsp;<\/div>\n\n<div>\n<div>John is worried he might have strep throat. He goes to his primary\ncare physician and she runs an initial test that indicates that there is a\n75% chance that John does not have strep. Based on the initial test\nresults, John\u2019s doctor says: \u201cYou probably don\u2019t have strep throat.\"<\/div><div><br><\/div><div>John comes back two days later to find out the results of the throat\nculture, and sees a different doctor. The throat culture comes up positive, which indicates there is a 90% chance that John has strep throat.\nJohn has not yet seen the results of these tests, but his new doctor\nhas.&nbsp;<\/div><div><br><\/div><div>John asks the new doctor: \u201cI\u2019m trying to figure out whether I\nneed to take antibiotics. My primary care physician told me, \u2018You\nprobably don\u2019t have strep.\u2019 Is what she said true?<\/div>\n<\/div>\n\n<div>&nbsp;<\/div>\n\n<div>&nbsp;Which of the following responses would be correct?\n<\/div>","DataExportTag":"thinPrej","QuestionID":"QID151"}},{"SurveyID":"SV_0e1S0FOmvUwDTXn","Element":"SQ","PrimaryAttribute":"QID153","SecondaryAttribute":"In this study we are going to ask you to read a story and then answer a question about it. Please...","TertiaryAttribute":null,"Payload":{"QuestionText":"<div>In this study we are going to ask you to read a story and then answer a question about it. Please read the following scenario carefully:<\/div>\n\n<div>&nbsp;<\/div>\n\n<div>\n<div>John is worried he might have strep throat. He goes to his primary\ncare physician and she runs an initial test that indicates that there is a\n75% chance that John does not have strep. Based on the initial test results, John\u2019s doctor says: \u201cI don't think you have strep throat.\"<\/div><div><br><\/div><div>John comes back two days later to find out the results of the throat\nculture, and sees a different doctor. The throat culture comes up positive, which indicates there is a 90% chance that John has strep throat.&nbsp;<\/div><div><br><\/div><div>But now John wants to know whether his primary care physician\nmade a mistake administering the initial test, so he asks: \u201cI\u2019m trying\nto figure out whether I can rely on my primary care physician. She\ntold me, \u2018I don't think you&nbsp;have strep\u2019. Is what she said true?\u201d&nbsp;<\/div><div><br><\/div><div>The new doctor reviews the initial tests, and confirms that John\u2019s\nprimary care physician had not made any mistakes interpreting the\nresults. Given this, which of the following responses would be correct?<\/div><\/div>","DefaultChoices":false,"QuestionType":"MC","Selector":"SAVR","SubSelector":"TX","DataVisibility":{"Private":false,"Hidden":false},"Configuration":{"QuestionDescriptionOption":"UseText"},"QuestionDescription":"In this study we are going to ask you to read a story and then answer a question about it. Please...","Choices":{"4":{"Display":"\u201cNo, it\u2019s not\u201d"},"5":{"Display":"\u201cYes, it is\u201d"}},"ChoiceOrder":["4","5"],"Validation":{"Settings":{"ForceResponse":"OFF","ForceResponseType":"ON","Type":"None"}},"GradingData":[],"Language":[],"NextChoiceId":7,"NextAnswerId":1,"QuestionText_Unsafe":"<div>In this study we are going to ask you to read a story and then answer a question about it. Please read the following scenario carefully:<\/div>\n\n<div>&nbsp;<\/div>\n\n<div>\n<div>John is worried he might have strep throat. He goes to his primary\ncare physician and she runs an initial test that indicates that there is a\n75% chance that John does not have strep. Based on the initial test results, John\u2019s doctor says: \u201cYou probably don\u2019t have strep throat.\"<\/div><div><br><\/div><div>John comes back two days later to find out the results of the throat\nculture, and sees a different doctor. The throat culture comes up positive, which indicates there is a 90% chance that John has strep throat.&nbsp;<\/div><div><br><\/div><div>But now John wants to know whether his primary care physician\nmade a mistake administering the initial test, so he asks: \u201cI\u2019m trying\nto figure out whether I can rely on my primary care physician. She\ntold me, \u2018You probably don\u2019t have strep\u2019. Is what she said true?\u201d&nbsp;<\/div><div><br><\/div><div>The new doctor reviews the initial tests, and confirms that John\u2019s\nprimary care physician had not made any mistakes interpreting the\nresults. Given this, which of the following responses would be correct?<\/div><\/div>","DataExportTag":"thinComp","QuestionID":"QID153"}},{"SurveyID":"SV_0e1S0FOmvUwDTXn","Element":"SQ","PrimaryAttribute":"QID34","SecondaryAttribute":"Please consider this information carefully before deciding whether to participate in this researc...","TertiaryAttribute":null,"Payload":{"QuestionText":"<div>Please consider this information carefully before deciding whether to participate in this research.<\/div>\n\n<p><br>\nThe purpose of this research is to examine which factors influence social judgment and decision-making.&nbsp;You will be asked to make judgments about individuals and actions in social scenarios. We are simply interested in your judgment. The study will take less than 5 minutes to complete, and you will receive $0.25 on Amazon Mechanical Turk. There are no anticipated risks associated with participating&nbsp;in this study. The effects of participating should be comparable to those you would ordinarily experience&nbsp;from viewing a computer monitor and using a mouse or keyboard for a similar amount of time. At the end&nbsp;of the study, we will provide an explanation of the questions that motivate this line of research and will&nbsp;describe the potential implications.<br>\n<br>\nYour participation in this study is completely voluntary and you may refuse to participate or you may &nbsp;choose to withdraw at any time without penalty or loss of benefits to which you are otherwise entitled.&nbsp;Your participation in this study will remain confidential. No personally identifiable information will be&nbsp;associated with your data. Also, all analyses of the data will be averaged across all the participants, so your&nbsp;individual responses will never be specifically analyzed.&nbsp;<br><\/p><p><br><\/p><div><span style=\"background-color: transparent;\">If you have questions or concerns about your participation or payment or want to request a summary of&nbsp;<\/span><span style=\"background-color: transparent;\">research findings, please contact the research manager:&nbsp;<\/span><span style=\"background-color: transparent;\">Catherine Holland, c<\/span><span style=\"background-color: transparent;\">atherineholland@fas.harvard.edu. For any other problems related to this study, you may also contact the&nbsp;<\/span><span style=\"background-color: transparent;\">faculty member supervising this work: Fiery Cushman, cushman@fas.harvard.edu.&nbsp;&nbsp;<\/span><span style=\"background-color: transparent;\">For questions, concerns, suggestions, or complaints that have not been or cannot be addressed by the&nbsp;<\/span><span style=\"background-color: transparent;\">researcher, or to report research-related harm, please contact the contact the Committee on the Use of&nbsp;<\/span><span style=\"background-color: transparent;\">Human Subjects in Research at Harvard University, 1350 Massachusetts Avenue, Suite 935, Cambridge,&nbsp;<\/span><span style=\"background-color: transparent;\">MA 02138. Phone: 617-496- CUHS (2847). Email: cuhs@harvard.edu.<\/span><\/div><p>\n<br>\nPlease print or save a copy of this form for your records.<\/p>\n\n<p><br>\nAgreement:&nbsp;<\/p>\n\n<p><br>\nThe nature and purpose of this research have been sufficiently explained and I agree to participate in&nbsp;this study. I understand that I am free to withdraw at any time without incurring any penalty.Please consent by clicking the button below to continue. Otherwise, please exit the study at this time.<\/p>","DefaultChoices":false,"DataExportTag":"Consent","QuestionType":"DB","Selector":"TB","Configuration":{"QuestionDescriptionOption":"UseText"},"QuestionDescription":"Please consider this information carefully before deciding whether to participate in this researc...","ChoiceOrder":[],"Validation":{"Settings":{"Type":"None"}},"GradingData":[],"Language":[],"QuestionID":"QID34","DataVisibility":{"Private":false,"Hidden":false},"NextChoiceId":1,"NextAnswerId":1}},{"SurveyID":"SV_0e1S0FOmvUwDTXn","Element":"SQ","PrimaryAttribute":"QID116","SecondaryAttribute":"Please state in a simple complete sentence what this experiment was about.\u00a0","TertiaryAttribute":null,"Payload":{"QuestionText":"Please state in a simple <b><i>complete sentence <\/i><\/b>what this experiment was about.&nbsp;","DefaultChoices":false,"DataExportTag":"textCheck","QuestionType":"TE","Selector":"SL","Configuration":{"QuestionDescriptionOption":"UseText"},"QuestionDescription":"Please state in a simple complete sentence what this experiment was about.\u00a0","Validation":{"Settings":{"ForceResponse":"OFF","ForceResponseType":"ON","Type":"None"}},"GradingData":[],"Language":[],"NextChoiceId":4,"NextAnswerId":1,"QuestionID":"QID116","DataVisibility":{"Private":false,"Hidden":false}}},{"SurveyID":"SV_0e1S0FOmvUwDTXn","Element":"SQ","PrimaryAttribute":"QID10","SecondaryAttribute":"Political Orientation","TertiaryAttribute":null,"Payload":{"QuestionText":"<strong><span style=\"font-family: times new roman,times,serif;\"><span style=\"font-size: 16px;\">Political Orientation<\/span><\/span><\/strong>","DataExportTag":"politics","QuestionType":"MC","Selector":"SAHR","SubSelector":"TX","Configuration":{"QuestionDescriptionOption":"UseText","LabelPosition":"BELOW"},"QuestionDescription":"Political Orientation","Choices":{"1":{"Display":"Very Liberal"},"2":{"Display":"&nbsp;"},"3":{"Display":"&nbsp;"},"4":{"Display":"&nbsp;"},"5":{"Display":"&nbsp;"},"6":{"Display":"Very Conservative"}},"ChoiceOrder":["1","2","3","4","5","6"],"Validation":{"Settings":{"ForceResponseType":"ON"}},"GradingData":[{"ChoiceID":"1","Grades":{"Grade":"1"},"index":0},{"ChoiceID":"2","Grades":{"Grade":"2"},"index":1},{"ChoiceID":"3","Grades":{"Grade":"3"},"index":2},{"ChoiceID":"4","Grades":{"Grade":"4"},"index":3},{"ChoiceID":"5","Grades":{"Grade":"5"},"index":4},{"ChoiceID":"6","Grades":{"Grade":"6"},"index":5}],"Language":[],"QuestionID":"QID10","DataVisibility":{"Private":false,"Hidden":false},"NextChoiceId":7,"NextAnswerId":1}},{"SurveyID":"SV_0e1S0FOmvUwDTXn","Element":"SQ","PrimaryAttribute":"QID18","SecondaryAttribute":"Race\/Ethnicity:","TertiaryAttribute":null,"Payload":{"QuestionText":"<strong><span style=\"font-size: 16px;\"><span style=\"font-family: times new roman,times,serif;\">Race\/Ethnicity:<\/span><\/span><\/strong>","DataExportTag":"race","QuestionType":"MC","Selector":"SAHR","SubSelector":"TX","Configuration":{"QuestionDescriptionOption":"UseText","NumColumns":2,"LabelPosition":"BELOW"},"QuestionDescription":"Race\/Ethnicity:","Choices":{"1":{"Display":"White"},"2":{"Display":"Black"},"3":{"Display":"Latino\/a"},"4":{"Display":"Asian"},"5":{"Display":"Other, please specify:","TextEntry":"true"}},"ChoiceOrder":["1","2","3","4","5"],"Validation":{"Settings":{"ForceResponseType":"ON","Type":"None"}},"GradingData":[{"ChoiceID":"1","Grades":{"Grade":"1"},"index":0},{"ChoiceID":"2","Grades":{"Grade":"2"},"index":1},{"ChoiceID":"3","Grades":{"Grade":"3"},"index":2},{"ChoiceID":"4","Grades":{"Grade":"4"},"index":3},{"ChoiceID":"5","Grades":{"Grade":"5"},"index":4}],"Language":[],"QuestionID":"QID18"}},{"SurveyID":"SV_0e1S0FOmvUwDTXn","Element":"SQ","PrimaryAttribute":"QID141","SecondaryAttribute":"Timing","TertiaryAttribute":null,"Payload":{"QuestionText":"Timing","DefaultChoices":false,"QuestionType":"Timing","Selector":"PageTimer","Configuration":{"QuestionDescriptionOption":"UseText","MinSeconds":"0","MaxSeconds":"0"},"QuestionDescription":"Timing","Choices":{"1":{"Display":"First Click"},"2":{"Display":"Last Click"},"3":{"Display":"Page Submit"},"4":{"Display":"Click Count"}},"GradingData":[],"Language":[],"NextChoiceId":84,"NextAnswerId":1,"DataVisibility":{"Private":false,"Hidden":false},"QuestionText_Unsafe":"Timing","DataExportTag":"time_probPrej","QuestionID":"QID141"}},{"SurveyID":"SV_0e1S0FOmvUwDTXn","Element":"SQ","PrimaryAttribute":"QID150","SecondaryAttribute":"Timing","TertiaryAttribute":null,"Payload":{"QuestionText":"Timing","DefaultChoices":false,"QuestionType":"Timing","Selector":"PageTimer","Configuration":{"QuestionDescriptionOption":"UseText","MinSeconds":"0","MaxSeconds":"0"},"QuestionDescription":"Timing","Choices":{"1":{"Display":"First Click"},"2":{"Display":"Last Click"},"3":{"Display":"Page Submit"},"4":{"Display":"Click Count"}},"GradingData":[],"Language":[],"NextChoiceId":84,"NextAnswerId":1,"DataVisibility":{"Private":false,"Hidden":false},"QuestionText_Unsafe":"Timing","DataExportTag":"time_probComp","QuestionID":"QID150"}},{"SurveyID":"SV_0e1S0FOmvUwDTXn","Element":"SQ","PrimaryAttribute":"QID152","SecondaryAttribute":"Timing","TertiaryAttribute":null,"Payload":{"QuestionText":"Timing","DefaultChoices":false,"QuestionType":"Timing","Selector":"PageTimer","Configuration":{"QuestionDescriptionOption":"UseText","MinSeconds":"0","MaxSeconds":"0"},"QuestionDescription":"Timing","Choices":{"1":{"Display":"First Click"},"2":{"Display":"Last Click"},"3":{"Display":"Page Submit"},"4":{"Display":"Click Count"}},"GradingData":[],"Language":[],"NextChoiceId":96,"NextAnswerId":1,"DataVisibility":{"Private":false,"Hidden":false},"QuestionText_Unsafe":"Timing","DataExportTag":"time_beliPrej","QuestionID":"QID152"}},{"SurveyID":"SV_0e1S0FOmvUwDTXn","Element":"SQ","PrimaryAttribute":"QID154","SecondaryAttribute":"Timing","TertiaryAttribute":null,"Payload":{"QuestionText":"Timing","DefaultChoices":false,"QuestionType":"Timing","Selector":"PageTimer","Configuration":{"QuestionDescriptionOption":"UseText","MinSeconds":"0","MaxSeconds":"0"},"QuestionDescription":"Timing","Choices":{"1":{"Display":"First Click"},"2":{"Display":"Last Click"},"3":{"Display":"Page Submit"},"4":{"Display":"Click Count"}},"GradingData":[],"Language":[],"NextChoiceId":96,"NextAnswerId":1,"DataVisibility":{"Private":false,"Hidden":false},"QuestionText_Unsafe":"Timing","DataExportTag":"time_thinComp","QuestionID":"QID154"}},{"SurveyID":"SV_0e1S0FOmvUwDTXn","Element":"SQ","PrimaryAttribute":"QID17","SecondaryAttribute":"Your\nAge:","TertiaryAttribute":null,"Payload":{"QuestionText":"<strong><span style=\"font-size: 16px;\"><span style=\"font-family: times new roman,times,serif;\">Your Age:<\/span><\/span><\/strong>","DataExportTag":"age","QuestionType":"TE","Selector":"SL","Configuration":{"QuestionDescriptionOption":"UseText"},"QuestionDescription":"Your\nAge:","Randomization":{"Type":"None"},"Validation":{"Settings":{"ForceResponseType":"ON","Type":"None"}},"GradingData":[],"Language":[],"QuestionID":"QID17"}},{"SurveyID":"SV_0e1S0FOmvUwDTXn","Element":"SQ","PrimaryAttribute":"QID16","SecondaryAttribute":"Your\nGender","TertiaryAttribute":null,"Payload":{"QuestionText":"<strong><span style=\"font-size: 16px;\"><span style=\"font-family: times new roman,times,serif;\">Your Gender<\/span><\/span><\/strong>","DataExportTag":"gender","QuestionType":"MC","Selector":"SAVR","SubSelector":"TX","Configuration":{"QuestionDescriptionOption":"UseText"},"QuestionDescription":"Your\nGender","Choices":{"1":{"Display":"Male"},"2":{"Display":"Female"}},"ChoiceOrder":["1","2"],"Validation":{"Settings":{"ForceResponseType":"ON","Type":"None"}},"GradingData":[{"ChoiceID":"1","Grades":{"Grade":"1"},"index":0},{"ChoiceID":"2","Grades":{"Grade":"2"},"index":1}],"Language":[],"QuestionID":"QID16"}}]}