{"SurveyEntry":{"SurveyID":"SV_bfuzrkd52x7RWdf","SurveyName":"Knobe - Yalcin- thinks crucible","SurveyDescription":null,"SurveyOwnerID":"UR_4U53s07cvZalUrO","SurveyBrandID":"yale","DivisionID":null,"SurveyLanguage":"EN","SurveyActiveResponseSet":"RS_9n21aA9SZ1E3pIN","SurveyStatus":"Active","SurveyStartDate":"0000-00-00 00:00:00","SurveyExpirationDate":"0000-00-00 00:00:00","SurveyCreationDate":"2019-02-19 07:21:17","CreatorID":"UR_4U53s07cvZalUrO","LastModified":"2020-06-01 09:57:54","LastAccessed":"0000-00-00 00:00:00","LastActivated":"2019-02-19 07:56:16","Deleted":null},"SurveyElements":[{"SurveyID":"SV_bfuzrkd52x7RWdf","Element":"BL","PrimaryAttribute":"Survey Blocks","SecondaryAttribute":null,"TertiaryAttribute":null,"Payload":{"1":{"Type":"Trash","Description":"Trash \/ Unused Questions","ID":"BL_dosLBx1t2YmP6ol","BlockElements":[{"Type":"Question","QuestionID":"QID46"},{"Type":"Question","QuestionID":"QID93"},{"Type":"Question","QuestionID":"QID94"}]},"4":{"Type":"Standard","SubType":"","Description":"Consent","ID":"BL_3JVPlExblIkbMi1","BlockElements":[{"Type":"Question","QuestionID":"QID11"}],"Options":{"BlockLocking":"false","RandomizeQuestions":"false","BlockVisibility":"Expanded"}},"5":{"Type":"Standard","SubType":"","Description":"Demographics","ID":"BL_a33yO3EAS2udLs9","BlockElements":[{"Type":"Question","QuestionID":"QID12"},{"Type":"Question","QuestionID":"QID13"},{"Type":"Question","QuestionID":"QID14"},{"Type":"Question","QuestionID":"QID15"},{"Type":"Question","QuestionID":"QID16"},{"Type":"Question","QuestionID":"QID17"}]},"8":{"Type":"Standard","SubType":"","Description":"Instructions","ID":"BL_2rz7yDHjjvzKpZb","BlockElements":[{"Type":"Question","QuestionID":"QID27"}]},"12":{"Type":"Standard","SubType":"","Description":"Modal","ID":"BL_bCoXTcgQ2BIW9Zb","BlockElements":[{"Type":"Question","QuestionID":"QID36"},{"Type":"Question","QuestionID":"QID38"},{"Type":"Question","QuestionID":"QID96"},{"Type":"Question","QuestionID":"QID95"}],"Options":{"BlockLocking":"false","RandomizeQuestions":"Advanced","Randomization":{"Advanced":{"FixedOrder":["QID36","{~SubSet~}","QID95"],"RandomizeAll":[],"RandomSubSet":["QID38","QID96"],"Undisplayed":[],"TotalRandSubset":1,"QuestionsPerPage":0},"EvenPresentation":true}}},"13":{"Type":"Standard","SubType":"","Description":"Non-modal","ID":"BL_0wTl9l6PNgPUvJP","BlockElements":[{"Type":"Question","QuestionID":"QID97"},{"Type":"Question","QuestionID":"QID98"},{"Type":"Question","QuestionID":"QID99"},{"Type":"Question","QuestionID":"QID100"}],"Options":{"BlockLocking":false,"RandomizeQuestions":"Advanced","Randomization":{"Advanced":{"FixedOrder":["QID97","{~SubSet~}","QID100"],"RandomizeAll":[],"RandomSubSet":["QID98","QID99"],"Undisplayed":[],"TotalRandSubset":1,"QuestionsPerPage":0},"EvenPresentation":true}}},"14":{"Type":"Standard","SubType":"","Description":"Attitude","ID":"BL_0HOS9kF4z0UD4vH","BlockElements":[{"Type":"Question","QuestionID":"QID101"},{"Type":"Question","QuestionID":"QID102"},{"Type":"Question","QuestionID":"QID103"},{"Type":"Question","QuestionID":"QID104"}],"Options":{"BlockLocking":false,"RandomizeQuestions":"Advanced","Randomization":{"Advanced":{"FixedOrder":["QID101","{~SubSet~}","QID104"],"RandomizeAll":[],"RandomSubSet":["QID102","QID103"],"Undisplayed":[],"TotalRandSubset":1,"QuestionsPerPage":0},"EvenPresentation":true}}}}},{"SurveyID":"SV_bfuzrkd52x7RWdf","Element":"BR","PrimaryAttribute":"FL_17","SecondaryAttribute":null,"TertiaryAttribute":null,"Payload":{"FL_15":0,"FL_16":0,"FL_18":0,"FL_19":0,"ID":"FL_17"}},{"SurveyID":"SV_bfuzrkd52x7RWdf","Element":"FL","PrimaryAttribute":"Survey Flow","SecondaryAttribute":null,"TertiaryAttribute":null,"Payload":{"Type":"Root","FlowID":"FL_1","Flow":[{"Type":"Standard","ID":"BL_3JVPlExblIkbMi1","FlowID":"FL_5"},{"Type":"Standard","ID":"BL_2rz7yDHjjvzKpZb","FlowID":"FL_12"},{"Type":"BlockRandomizer","FlowID":"FL_28","SubSet":1,"EvenPresentation":true,"Flow":[{"Type":"Standard","ID":"BL_bCoXTcgQ2BIW9Zb","FlowID":"FL_25"},{"Type":"Standard","ID":"BL_0HOS9kF4z0UD4vH","FlowID":"FL_27"},{"Type":"Standard","ID":"BL_0wTl9l6PNgPUvJP","FlowID":"FL_26"}]},{"Type":"Standard","ID":"BL_a33yO3EAS2udLs9","FlowID":"FL_7"}],"Properties":{"Count":28,"RemovedFieldsets":[]}}},{"SurveyID":"SV_bfuzrkd52x7RWdf","Element":"SO","PrimaryAttribute":"Survey Options","SecondaryAttribute":null,"TertiaryAttribute":null,"Payload":{"BackButton":"false","SaveAndContinue":"true","SurveyProtection":"PublicSurvey","BallotBoxStuffingPrevention":"true","NoIndex":"No","SurveyExpiration":null,"SurveyTermination":"DisplayMessage","Header":"","Footer":"","ProgressBarDisplay":"None","PartialData":"+1 week","ValidationMessage":null,"PreviousButton":"  <<  ","NextButton":"  >>  ","SkinLibrary":"Qualtrics","SkinType":"MQ","Skin":"v4qualtrics2","NewScoring":1,"PreferJFE":true,"libraryId":"","nextButtonMid":"","previousButtonMid":"","headerMid":"","footerMid":"","QuestionsPerPage":"","PageTransition":"Slide","ExternalCSS":null,"CustomStyles":{"errorStyles":{"selector":".Skin .ValidationError","styles":{"color":null,"backgroundColor":null,"borderColor":null}},"errorStylesBG":{"selector":".Skin .HeaderValidationError, .Skin .HeaderValidationError li a","styles":{"color":null,"backgroundColor":null}},"pageStyles":{"selector":"#SurveyEngineBody","styles":{"backgroundColor":null}},"textStyles":{"selector":".SkinInner","styles":{"fontFamily":null,"fontSize":null,"fontWeight":null,"fontStyle":null,"textDecoration":null,"color":null}},"questionStyles":{"selector":".Skin .QuestionText","styles":{"fontFamily":null,"fontSize":null,"fontWeight":null,"fontStyle":null,"textDecoration":null,"color":null}},"choiceStyles":{"selector":".Skin .horizontalbar th.ylabel, .Skin .Matrix table td, .Skin .Matrix table th, .Skin .Matrix table thead th, .Skin .Matrix table thead td, .Skin .PGR .DragAndDrop .Items label, .Skin .QuestionBody ul.ChoiceStructure, .Skin .PGR .DragAndDrop .Group ul, .Skin .PGR .DragAndDrop .Group h2, .Skin .PGR .DragAndDrop .Items ul, .Skin .PGR .DragAndDrop .Items h2, .Skin .DD .QuestionBody table.ChoiceStructure, .Skin .PGR .DragAndDrop .NoColumns td.groupsContainerTd div ul, .Skin .PGR .DragAndDrop .NoColumns td.groupsContainerTd div h2, .Skin .SBS thead th, .Skin .SBS td, .Skin .SBS .Answers td, .Skin .SBS .Answers th, .SBS table.ChoiceStructure, .Skin .horizontalbar thead table.LabelDescriptions tr td, .Skin .horizontalbar thead tr td.NotApplicable, .QuestionBody th, .Skin .QuestionBody .MC .MAVR label, .Skin .QuestionBody .MC .SAVR label, .Skin .SBS thead th, .Skin .SBS td, .Skin .RO .DND ul li, .Skin .reg, .SkinInner .ChoiceStructure, .Skin thead, .Skin .GAP .ChoiceStructure thead th, .Skin .GAP .ChoiceStructure .c4, .Skin .GAP .ChoiceStructure th, .Skin .GAP .ChoiceStructure .WhyText, .SkinInner .ChoiceStructure .LightBG, .Skin .QuestionOuter.Highlight .Inner .reg, .Skin .QuestionOuter.Highlight .Inner .alt, .Skin .QuestionOuter.Highlight .Inner .ReadableAlt       ","styles":{"fontFamily":null,"fontSize":null,"fontWeight":null,"fontStyle":null,"textDecoration":null,"color":null}},"headerStyles":{"selector":".Skin div#Header","styles":{"color":null}},"footerStyles":{"selector":".Skin #Footer","styles":{"color":null}},"questionSeparatorStyles":{"selector":".Skin .Separator","styles":{"backgroundColor":null,"display":null}},"highlightStyles":{"selector":".Skin .QuestionOuter.Highlight .Inner, .Skin .QuestionOuter.Highlight .Inner .reg, .Skin .QuestionOuter.Highlight .Inner .alt, .Skin .QuestionOuter.Highlight .Inner .ReadableAlt","styles":{"backgroundColor":null}},"highlightStylesAlt":{"selector":".Skin .QuestionOuter.Highlight .Inner .ReadableAlt, .Skin .QuestionOuter.Highlight .Inner .LightBG","styles":{"backgroundColor":null}},"textEntryStyles":{"selector":".Skin select, .Skin .InputText","styles":{"color":null}},"borderStyles":{"selector":".Skin .CS .horizontalbar table.sliderGrid tr.xlabel th, .Skin .CS .horizontalbar .ylabel, .Skin .CS .horizontalbar table.sliderGrid tr td.value, .Skin .Slider .horizontalbar table.sliderGrid tr.xlabel th, .Skin .BorderColor, .Skin .DarkBorderColor, .Skin .Slider .horizontalbar table.sliderGrid tr td.value, .Skin thead, .Skin .GAP .ChoiceStructure thead th  ","styles":{"borderColor":null}},"altRowStyles":{"selector":".Skin .ReadableAlt, .Skin .LightBG","styles":{"backgroundColor":null}},"customCSS":null},"HighlightQuestions":"off","EOSMessage":"MS_82M8A9G5OvtDo1v","ShowExportTags":"false","CollectGeoLocation":"false","SurveyTitle":"Online Survey Software | Qualtrics Survey Solutions","SurveyMetaDescription":"Qualtrics sophisticated online survey software solutions make creating online surveys easy. Learn more about Research Suite and get a free account today.","PasswordProtection":"No","AnonymizeResponse":"No","Password":"","RefererCheck":"No","RefererURL":"http:\/\/","EOSMessageLibrary":"UR_4U53s07cvZalUrO","EOSRedirectURL":"https:\/\/","EmailThankYou":"false","ThankYouEmailMessageLibrary":null,"ThankYouEmailMessage":null,"ValidateMessage":"false","ValidationMessageLibrary":null,"InactiveSurvey":"DefaultMessage","InactiveMessageLibrary":"","InactiveMessage":"","AvailableLanguages":{"EN":[]},"ProtectSelectionIds":true,"SecureResponseFiles":"false","PartialDataCloseAfter":"LastActivity","ActiveResponseSet":null,"ResponseSummary":"No"}},{"SurveyID":"SV_bfuzrkd52x7RWdf","Element":"SCO","PrimaryAttribute":"Scoring","SecondaryAttribute":null,"TertiaryAttribute":null,"Payload":{"ScoringCategories":[],"ScoringCategoryGroups":[],"ScoringSummaryCategory":null,"ScoringSummaryAfterQuestions":0,"ScoringSummaryAfterSurvey":0,"DefaultScoringCategory":null,"AutoScoringCategory":null}},{"SurveyID":"SV_bfuzrkd52x7RWdf","Element":"PROJ","PrimaryAttribute":"CORE","SecondaryAttribute":null,"TertiaryAttribute":"1.1.0","Payload":{"ProjectCategory":"CORE","SchemaVersion":"1.1.0"}},{"SurveyID":"SV_bfuzrkd52x7RWdf","Element":"STAT","PrimaryAttribute":"Survey Statistics","SecondaryAttribute":null,"TertiaryAttribute":null,"Payload":{"MobileCompatible":false,"ID":"Survey Statistics"}},{"SurveyID":"SV_bfuzrkd52x7RWdf","Element":"QC","PrimaryAttribute":"Survey Question Count","SecondaryAttribute":"104","TertiaryAttribute":null,"Payload":null},{"SurveyID":"SV_bfuzrkd52x7RWdf","Element":"SQ","PrimaryAttribute":"QID12","SecondaryAttribute":"\u00a0\n\n In this part of the experiment,\n we'd like you to answer a series of background\n questions....","TertiaryAttribute":null,"Payload":{"QuestionText":"<div>\n\t&nbsp;<\/div>\n<meta charset=\"utf-8\">\n<div>\n\t<span style=\"font-size:16px;\">In this part of the experiment, we'd like you to answer a series of background questions.<\/span><br>\n\t&nbsp;<\/div>\n<div>(Your answers to these questions are very helpful, and are for research purposes only.&nbsp;Remember that your responses are entirely anonymous. If you feel uncomfortable with a&nbsp;question in this section, you can leave the question blank.)<\/div>\n<div>\n\t&nbsp;<\/div>","DataExportTag":"DemoInstr","QuestionType":"MC","Selector":"SAVR","SubSelector":"TX","Configuration":{"QuestionDescriptionOption":"UseText"},"QuestionDescription":"\u00a0\n\n In this part of the experiment,\n we'd like you to answer a series of background\n questions....","Choices":[],"ChoiceOrder":[],"Validation":{"Settings":{"ForceResponse":"OFF","ForceResponseType":"ON"}},"Language":[],"QuestionID":"QID12"}},{"SurveyID":"SV_bfuzrkd52x7RWdf","Element":"RS","PrimaryAttribute":"RS_9n21aA9SZ1E3pIN","SecondaryAttribute":"Default Response Set","TertiaryAttribute":null,"Payload":null},{"SurveyID":"SV_bfuzrkd52x7RWdf","Element":"SQ","PrimaryAttribute":"QID11","SecondaryAttribute":"Please consider this information carefully before deciding whether to participate in this researc...","TertiaryAttribute":null,"Payload":{"QuestionText":"<div><div>Please consider this information carefully before deciding whether to participate in this research.<\/div><p><br>The purpose of this research is to examine which factors influence social judgment and decision-making.&nbsp;You will be asked to make judgments about individuals and actions in social scenarios. We are simply interested in your judgment. The study will take less than 5 minutes to complete, and you will receive $0.25 on Amazon Mechanical Turk. There are no anticipated risks associated with participating&nbsp;in this study. The effects of participating should be comparable to those you would ordinarily experience&nbsp;from viewing a computer monitor and using a mouse or keyboard for a similar amount of time. At the end&nbsp;of the study, we will provide an explanation of the questions that motivate this line of research and will&nbsp;describe the potential implications.<br><br>Your participation in this study is completely voluntary and you may refuse to participate or you may &nbsp;choose to withdraw at any time without penalty or loss of benefits to which you are otherwise entitled.&nbsp;Your participation in this study will remain confidential. No personally identifiable information will be&nbsp;associated with your data. Also, all analyses of the data will be averaged across all the participants, so your&nbsp;individual responses will never be specifically analyzed.&nbsp;<br><\/p><p><br><\/p><div><span style=\"background-color: transparent;\">If you have questions or concerns about your participation or payment or want to request a summary of&nbsp;<\/span><span style=\"background-color: transparent;\">research findings, please contact the research manager:&nbsp;<\/span><span style=\"background-color: transparent;\">Catherine Holland, c<\/span><span style=\"background-color: transparent;\">atherineholland@fas.harvard.edu. For any other problems related to this study, you may also contact the&nbsp;<\/span><span style=\"background-color: transparent;\">faculty member supervising this work: Fiery Cushman, cushman@fas.harvard.edu.&nbsp;&nbsp;<\/span><span style=\"background-color: transparent;\">For questions, concerns, suggestions, or complaints that have not been or cannot be addressed by the&nbsp;<\/span><span style=\"background-color: transparent;\">researcher, or to report research-related harm, please contact the contact the Committee on the Use of&nbsp;<\/span><span style=\"background-color: transparent;\">Human Subjects in Research at Harvard University, 1350 Massachusetts Avenue, Suite 935, Cambridge,&nbsp;<\/span><span style=\"background-color: transparent;\">MA 02138. Phone: 617-496- CUHS (2847). Email: cuhs@harvard.edu.<\/span><\/div><p><br>Please print or save a copy of this form for your records.<\/p><p><br>Agreement:&nbsp;<\/p><p><br>The nature and purpose of this research have been sufficiently explained and I agree to participate in&nbsp;this study. I understand that I am free to withdraw at any time without incurring any penalty.Please consent by clicking the button below to continue. Otherwise, please exit the study at this time.<\/p><\/div>","DefaultChoices":false,"DataExportTag":"Consent","QuestionType":"DB","Selector":"TB","Configuration":{"QuestionDescriptionOption":"UseText"},"QuestionDescription":"Please consider this information carefully before deciding whether to participate in this researc...","ChoiceOrder":[],"Validation":{"Settings":{"Type":"None"}},"GradingData":[],"Language":[],"QuestionID":"QID11","DataVisibility":{"Private":false,"Hidden":false},"NextChoiceId":1,"NextAnswerId":1}},{"SurveyID":"SV_bfuzrkd52x7RWdf","Element":"SQ","PrimaryAttribute":"QID16","SecondaryAttribute":"Please indicate the highest level of education completed.","TertiaryAttribute":null,"Payload":{"QuestionText":"Please indicate the highest level of education completed.","DataExportTag":"Education","QuestionType":"MC","Selector":"SAVR","SubSelector":"TX","Configuration":{"QuestionDescriptionOption":"UseText"},"QuestionDescription":"Please indicate the highest level of education completed.","Choices":{"1":{"Display":"Grammar School"},"2":{"Display":"High School or equivalent"},"3":{"Display":"Vocational\/Technical School (2 year)"},"4":{"Display":"Some College"},"5":{"Display":"College Graduate (4 year)"},"6":{"Display":"Master's Degree (MS)"},"7":{"Display":"Doctoral Degree (PhD)"},"8":{"Display":"Professional Degree (MD, JD, etc.)"},"9":{"Display":"Other"}},"ChoiceOrder":["1","2","3","4","5","6","7","8","9"],"Randomization":{"Type":"None"},"Validation":{"Settings":{"ForceResponseType":"ON"}},"VariableNaming":{"1":"Grammar School","2":"High School or equivalent","3":"Vocational\/Technical School (2 year)","4":"Some College","5":"College Graduate (4 year)","6":"Master's Degree (MS)","7":"Doctoral Degree (PhD)","8":"Professional Degree (MD, JD, etc.)","9":"Other"},"Language":[],"QuestionID":"QID16"}},{"SurveyID":"SV_bfuzrkd52x7RWdf","Element":"SQ","PrimaryAttribute":"QID36","SecondaryAttribute":"Sally and George are talking about whether Joe is in Boston. Sally carefully considers all the in...","TertiaryAttribute":null,"Payload":{"QuestionText":"Sally and George are talking about whether Joe is in Boston.\nSally carefully considers all the information she has available\nand concludes that there is no way to know for sure. Sally says:\n\"Joe might be in Boston.\"&nbsp;<div><br><\/div><div>Just then, George gets an email from Joe. The email says that\nJoe is in Berkeley. So George says: \"No, he isn\u2019t in Boston. He is\nin Berkeley.\"<\/div>","DefaultChoices":false,"QuestionType":"DB","Selector":"TB","Configuration":{"QuestionDescriptionOption":"UseText"},"QuestionDescription":"Sally and George are talking about whether Joe is in Boston. Sally carefully considers all the in...","ChoiceOrder":[],"Validation":{"Settings":{"Type":"None"}},"GradingData":[],"Language":[],"QuestionText_Unsafe":"<p><span style=\"font-size: 14.666666666666666px; font-family: Arial; background-color: transparent; vertical-align: baseline;\">Fat Tony is a mobster who has faked his own death in order to evade the police. He secretly plants highly compelling evidence of his murder at the docks. The evidence is discovered by the<\/span><\/p><p><span style=\"font-size: 14.666666666666666px; font-family: Arial; background-color: transparent; vertical-align: baseline;\">authorities, and word gets out about his apparent death. <\/span><\/p><p><br><\/p><p><span style=\"font-size: 14.666666666666666px; font-family: Arial; background-color: transparent; vertical-align: baseline;\">Fat Tony has bugged the Police Station, and later in the day he and his associate Mr. Jones listen in as the police discuss the evidence.<\/span><\/p><p><br><\/p><p><span style=\"font-size: 14.666666666666666px; font-family: Arial; background-color: transparent; vertical-align: baseline;\">The Chief Inspector has a good look at the evidence, which he admits is compelling (many of his colleagues have concluded that Fat Tony is dead). But he worries that the evidence is <\/span><span style=\"font-size: 14.666666666666666px; font-family: Arial; background-color: transparent; font-style: italic; vertical-align: baseline;\">too<\/span><span style=\"font-size: 14.666666666666666px; font-family: Arial; background-color: transparent; vertical-align: baseline;\"> good -- in particular, he worries that it was planted. <\/span><\/p><p><br><span style=\"font-size: 14.666666666666666px; font-family: Arial; background-color: transparent; vertical-align: baseline;\">While thinking it over, the Chief Inspector says out loud, \u201cFat Tony might be dead.\u201d<\/span><\/p><p><span style=\"font-size: 14.666666666666666px; font-family: Arial; background-color: transparent; vertical-align: baseline;\"><br><\/span><\/p><p><span style=\"font-size: 14.666666666666666px; font-family: Arial; background-color: transparent; vertical-align: baseline;\">Mr. Jones turns to Fat Tony, who have both been listening and says, \u201cWhat the Chief Inspector said is false.\u201d<\/span><\/p>","DataExportTag":"modal","QuestionID":"QID36","DataVisibility":{"Private":false,"Hidden":false},"NextChoiceId":1,"NextAnswerId":1}},{"SurveyID":"SV_bfuzrkd52x7RWdf","Element":"SQ","PrimaryAttribute":"QID93","SecondaryAttribute":"Sally and George are talking about whether Joe is in Boston. Sally carefully considers all the in...","TertiaryAttribute":null,"Payload":{"QuestionText":"Sally and George are talking about whether Joe is in Boston.\nSally carefully considers all the information she has available\nand concludes that there is no way to know for sure. Sally says:\n\u201cI think Joe is in Boston.\u201d&nbsp;<div><br><\/div><div>Just then, George gets an email from Joe. The email says that\nJoe is in Berkeley. So George says: \u201cNo, he isn\u2019t in Boston. He is\nin Berkeley.\u201d<\/div>","DefaultChoices":false,"DataExportTag":"attitude","QuestionType":"DB","Selector":"TB","DataVisibility":{"Private":false,"Hidden":false},"Configuration":{"QuestionDescriptionOption":"UseText"},"QuestionDescription":"Sally and George are talking about whether Joe is in Boston. Sally carefully considers all the in...","ChoiceOrder":[],"Validation":{"Settings":{"Type":"None"}},"GradingData":[],"Language":[],"NextChoiceId":1,"NextAnswerId":1,"QuestionID":"QID93"}},{"SurveyID":"SV_bfuzrkd52x7RWdf","Element":"SQ","PrimaryAttribute":"QID94","SecondaryAttribute":"Sally and George are talking about whether Joe is in Boston. Sally carefully considers all the in...","TertiaryAttribute":null,"Payload":{"QuestionText":"Sally and George are talking about whether Joe is in Boston.\nSally carefully considers all the information she has available\nand concludes that there is no way to know for sure. Sally says:\n\u201cJoe is in Boston.\u201d&nbsp;<div><br><\/div><div>Just then, George gets an email from Joe. The email says that\nJoe is in Berkeley. So George says: \u201cNo, he isn\u2019t in Boston. He is\nin Berkeley.\u201d<\/div>","DefaultChoices":false,"DataExportTag":"non-modal","QuestionType":"DB","Selector":"TB","DataVisibility":{"Private":false,"Hidden":false},"Configuration":{"QuestionDescriptionOption":"UseText"},"QuestionDescription":"Sally and George are talking about whether Joe is in Boston. Sally carefully considers all the in...","ChoiceOrder":[],"Validation":{"Settings":{"Type":"None"}},"GradingData":[],"Language":[],"NextChoiceId":1,"NextAnswerId":1,"QuestionID":"QID94"}},{"SurveyID":"SV_bfuzrkd52x7RWdf","Element":"SQ","PrimaryAttribute":"QID97","SecondaryAttribute":"Sally and George are talking about whether Joe is in Boston. Sally carefully considers all the in...","TertiaryAttribute":null,"Payload":{"QuestionText":"Sally and George are talking about whether Joe is in Boston.\nSally carefully considers all the information she has available\nand concludes that there is no way to know for sure. Sally says:\n\"Joe is in Boston.\"&nbsp;<div><br><\/div><div>Just then, George gets an email from Joe. The email says that\nJoe is in Berkeley. So George says: \"No, he isn\u2019t in Boston. He is\nin Berkeley.\"<\/div>","DefaultChoices":false,"QuestionType":"DB","Selector":"TB","Configuration":{"QuestionDescriptionOption":"UseText"},"QuestionDescription":"Sally and George are talking about whether Joe is in Boston. Sally carefully considers all the in...","ChoiceOrder":[],"Validation":{"Settings":{"Type":"None"}},"GradingData":[],"Language":[],"QuestionText_Unsafe":"Sally and George are talking about whether Joe is in Boston.\nSally carefully considers all the information she has available\nand concludes that there is no way to know for sure. Sally says:\n\u201cJoe might be in Boston.\u201d&nbsp;<div><br><\/div><div>Just then, George gets an email from Joe. The email says that\nJoe is in Berkeley. So George says: \u201cNo, he isn\u2019t in Boston. He is\nin Berkeley.\u201d<\/div>","DataVisibility":{"Private":false,"Hidden":false},"NextChoiceId":1,"NextAnswerId":1,"DataExportTag":"non-modal","QuestionID":"QID97"}},{"SurveyID":"SV_bfuzrkd52x7RWdf","Element":"SQ","PrimaryAttribute":"QID101","SecondaryAttribute":"Sally and George are talking about whether Joe is in Boston. Sally carefully considers all the in...","TertiaryAttribute":null,"Payload":{"QuestionText":"Sally and George are talking about whether Joe is in Boston.\nSally carefully considers all the information she has available\nand concludes that there is no way to know for sure. Sally says: \"I think Joe is in Boston.\"&nbsp;<div><br><\/div><div>Just then, George gets an email from Joe. The email says that\nJoe is in Berkeley. So George says: \"No, he isn\u2019t in Boston. He is\nin Berkeley.\"<\/div>","DefaultChoices":false,"QuestionType":"DB","Selector":"TB","Configuration":{"QuestionDescriptionOption":"UseText"},"QuestionDescription":"Sally and George are talking about whether Joe is in Boston. Sally carefully considers all the in...","ChoiceOrder":[],"Validation":{"Settings":{"Type":"None"}},"GradingData":[],"Language":[],"QuestionText_Unsafe":"Sally and George are talking about whether Joe is in Boston.\nSally carefully considers all the information she has available\nand concludes that there is no way to know for sure. Sally says:\n\u201cJoe might be in Boston.\u201d&nbsp;<div><br><\/div><div>Just then, George gets an email from Joe. The email says that\nJoe is in Berkeley. So George says: \u201cNo, he isn\u2019t in Boston. He is\nin Berkeley.\u201d<\/div>","DataVisibility":{"Private":false,"Hidden":false},"NextChoiceId":1,"NextAnswerId":1,"DataExportTag":"Attitude","QuestionID":"QID101"}},{"SurveyID":"SV_bfuzrkd52x7RWdf","Element":"SQ","PrimaryAttribute":"QID17","SecondaryAttribute":"Think of this ladder as representing where people stand in the\nUnited States. At the top of the l...","TertiaryAttribute":null,"Payload":{"QuestionText":"Think of this ladder as representing where people stand in the United States. At the top of the ladder are the people who have the most money, most education, and most respected jobs. At the bottom are the people who have the least money, least education, and least respected jobs or no job. The higher up you are on this ladder, the closer you are to the people at the very top, and the lower you are, the closer you are to the people at the very bottom.<div><br>\n<img src=\"https:\/\/yale.qualtrics.com\/CP\/Graphic.php?IM=IM_0SONYA8Aes5ati4\"><br>\n<meta charset=\"utf-8\">\n<br>\n<strong><em>Where would you place yourself on this ladder? Please select the rung where you think you stand at this time in your life, relative to other people in the United States.<\/em><\/strong><\/div>","DataExportTag":"SES","QuestionType":"MC","Selector":"SAVR","SubSelector":"TX","Configuration":{"QuestionDescriptionOption":"UseText"},"QuestionDescription":"Think of this ladder as representing where people stand in the\nUnited States. At the top of the l...","Choices":{"1":{"Display":"Rung 10 (Top Rung)"},"2":{"Display":"Rung 9"},"3":{"Display":"Rung 8"},"4":{"Display":"Rung 7"},"5":{"Display":"Rung 6"},"6":{"Display":"Rung 5"},"7":{"Display":"Rung 4"},"8":{"Display":"Rung 3"},"9":{"Display":"Rung 2"},"10":{"Display":"Rung 1 (Bottom Rung)"}},"ChoiceOrder":[1,2,3,4,5,6,7,8,9,10],"Validation":{"Settings":{"ForceResponse":"OFF","ForceResponseType":"ON"}},"Language":[],"QuestionID":"QID17"}},{"SurveyID":"SV_bfuzrkd52x7RWdf","Element":"SQ","PrimaryAttribute":"QID46","SecondaryAttribute":"Timing","TertiaryAttribute":null,"Payload":{"QuestionText":"Timing","DefaultChoices":false,"DataExportTag":"test_time","QuestionType":"Timing","Selector":"PageTimer","Configuration":{"QuestionDescriptionOption":"UseText","MinSeconds":"0","MaxSeconds":"0"},"QuestionDescription":"Timing","Choices":{"1":{"Display":"First Click"},"2":{"Display":"Last Click"},"3":{"Display":"Page Submit"},"4":{"Display":"Click Count"}},"GradingData":[],"Language":[],"QuestionID":"QID46","DataVisibility":{"Private":false,"Hidden":false},"NextChoiceId":17,"NextAnswerId":1}},{"SurveyID":"SV_bfuzrkd52x7RWdf","Element":"SQ","PrimaryAttribute":"QID95","SecondaryAttribute":"Timing","TertiaryAttribute":null,"Payload":{"QuestionText":"Timing","DefaultChoices":false,"DataExportTag":"MR_time","QuestionType":"Timing","Selector":"PageTimer","Configuration":{"QuestionDescriptionOption":"UseText","MinSeconds":"0","MaxSeconds":"0"},"QuestionDescription":"Timing","Choices":{"1":{"Display":"First Click"},"2":{"Display":"Last Click"},"3":{"Display":"Page Submit"},"4":{"Display":"Click Count"}},"GradingData":[],"Language":[],"NextChoiceId":36,"NextAnswerId":1,"QuestionID":"QID95","DataVisibility":{"Private":false,"Hidden":false}}},{"SurveyID":"SV_bfuzrkd52x7RWdf","Element":"SQ","PrimaryAttribute":"QID100","SecondaryAttribute":"Timing","TertiaryAttribute":null,"Payload":{"QuestionText":"Timing","DefaultChoices":false,"QuestionType":"Timing","Selector":"PageTimer","Configuration":{"QuestionDescriptionOption":"UseText","MinSeconds":"0","MaxSeconds":"0"},"QuestionDescription":"Timing","Choices":{"1":{"Display":"First Click"},"2":{"Display":"Last Click"},"3":{"Display":"Page Submit"},"4":{"Display":"Click Count"}},"GradingData":[],"Language":[],"NextChoiceId":48,"NextAnswerId":1,"DataVisibility":{"Private":false,"Hidden":false},"QuestionText_Unsafe":"Timing","DataExportTag":"non_time","QuestionID":"QID100"}},{"SurveyID":"SV_bfuzrkd52x7RWdf","Element":"SQ","PrimaryAttribute":"QID104","SecondaryAttribute":"Timing","TertiaryAttribute":null,"Payload":{"QuestionText":"Timing","DefaultChoices":false,"QuestionType":"Timing","Selector":"PageTimer","Configuration":{"QuestionDescriptionOption":"UseText","MinSeconds":"0","MaxSeconds":"0"},"QuestionDescription":"Timing","Choices":{"1":{"Display":"First Click"},"2":{"Display":"Last Click"},"3":{"Display":"Page Submit"},"4":{"Display":"Click Count"}},"GradingData":[],"Language":[],"NextChoiceId":56,"NextAnswerId":1,"DataVisibility":{"Private":false,"Hidden":false},"QuestionText_Unsafe":"Timing","DataExportTag":"attitude_time","QuestionID":"QID104"}},{"SurveyID":"SV_bfuzrkd52x7RWdf","Element":"SQ","PrimaryAttribute":"QID38","SecondaryAttribute":"We want to know whether it would be appropriate for Sally to take back what she said (for example...","TertiaryAttribute":null,"Payload":{"QuestionText":"We want to know whether it would be appropriate for Sally to take back what she said (for example, by saying \"Ok, scratch that\").&nbsp;\n<div>&nbsp;<\/div>\n\n<div>So please tell us whether you agree or disagree with the following statement:&nbsp;<\/div><div><br><\/div>\n\n<ul>\n\t<li>It would be appropriate for Sally to take back what she said.<\/li>\n<\/ul>","DefaultChoices":false,"QuestionType":"MC","Selector":"SAHR","SubSelector":"TX","Configuration":{"QuestionDescriptionOption":"UseText","LabelPosition":"BELOW"},"QuestionDescription":"We want to know whether it would be appropriate for Sally to take back what she said (for example...","Choices":{"20":{"Display":"Completely disagree"},"23":{"Display":"&nbsp;"},"24":{"Display":"&nbsp;"},"25":{"Display":"&nbsp;"},"26":{"Display":"&nbsp;"},"27":{"Display":"&nbsp;"},"28":{"Display":"Completely agree"}},"ChoiceOrder":["20","23","24","25","26","27","28"],"Validation":{"Settings":{"ForceResponse":"RequestResponse","ForceResponseType":"RequestResponse","Type":"None"}},"GradingData":[],"Language":[],"QuestionText_Unsafe":"<span style=\"font-size: 14.666666666666666px; font-family: Arial; background-color: transparent; vertical-align: baseline;\" id=\"docs-internal-guid-5711edb0-624a-8acd-eedc-a73c30886de0\">Do you agree or disagree with what Mr. Jones said?<\/span><div>\n<\/div>","DataExportTag":"modal_retraction","QuestionID":"QID38","RecodeValues":{"20":"1","23":"2","24":"3","25":"4","26":"5","27":"6","28":"7"},"DataVisibility":{"Private":false,"Hidden":false},"NextChoiceId":29,"NextAnswerId":1}},{"SurveyID":"SV_bfuzrkd52x7RWdf","Element":"SQ","PrimaryAttribute":"QID98","SecondaryAttribute":"We want to know whether it would be appropriate for Sally to take back what she said (for example...","TertiaryAttribute":null,"Payload":{"QuestionText":"We want to know whether it would be appropriate for Sally to take back what she said (for example, by saying \"Ok, scratch that\").&nbsp;\n<div>&nbsp;<\/div>\n\n<div>So please tell us whether you agree or disagree with the following statement:&nbsp;<\/div><div><br><\/div>\n\n<ul>\n\t<li>It would be appropriate for Sally to take back what she said.<\/li>\n<\/ul>","DefaultChoices":false,"QuestionType":"MC","Selector":"SAHR","SubSelector":"TX","Configuration":{"QuestionDescriptionOption":"UseText","LabelPosition":"BELOW"},"QuestionDescription":"We want to know whether it would be appropriate for Sally to take back what she said (for example...","Choices":{"20":{"Display":"Completely disagree"},"23":{"Display":"&nbsp;"},"24":{"Display":"&nbsp;"},"25":{"Display":"&nbsp;"},"26":{"Display":"&nbsp;"},"27":{"Display":"&nbsp;"},"28":{"Display":"Completely agree"}},"ChoiceOrder":["20","23","24","25","26","27","28"],"Validation":{"Settings":{"ForceResponse":"RequestResponse","ForceResponseType":"RequestResponse","Type":"None"}},"GradingData":[],"Language":[],"QuestionText_Unsafe":"We want to know whether it would be appropriate for Sally to take back what she said (for example, by saying \"Ok, scratch that\").&nbsp;\n<div>&nbsp;<\/div>\n\n<div>So please tell us whether you agree or disagree with the following statement:&nbsp;<\/div><div><br><\/div>\n\n<ul>\n\t<li>It would be appropriate for Sally to take back what she said.<\/li>\n<\/ul>","RecodeValues":{"20":"1","23":"2","24":"3","25":"4","26":"5","27":"6","28":"7"},"DataVisibility":{"Private":false,"Hidden":false},"NextChoiceId":29,"NextAnswerId":1,"DataExportTag":"non_retraction","QuestionID":"QID98"}},{"SurveyID":"SV_bfuzrkd52x7RWdf","Element":"SQ","PrimaryAttribute":"QID102","SecondaryAttribute":"We want to know whether it would be appropriate for Sally to take back what she said (for example...","TertiaryAttribute":null,"Payload":{"QuestionText":"We want to know whether it would be appropriate for Sally to take back what she said (for example, by saying \"Ok, scratch that\").&nbsp;\n<div>&nbsp;<\/div>\n\n<div>So please tell us whether you agree or disagree with the following statement:&nbsp;<\/div><div><br><\/div>\n\n<ul>\n <li>It would be appropriate for Sally to take back what she said.<\/li>\n<\/ul>","DefaultChoices":false,"QuestionType":"MC","Selector":"SAHR","SubSelector":"TX","Configuration":{"QuestionDescriptionOption":"UseText","LabelPosition":"BELOW"},"QuestionDescription":"We want to know whether it would be appropriate for Sally to take back what she said (for example...","Choices":{"20":{"Display":"Completely disagree"},"23":{"Display":"&nbsp;"},"24":{"Display":"&nbsp;"},"25":{"Display":"&nbsp;"},"26":{"Display":"&nbsp;"},"27":{"Display":"&nbsp;"},"28":{"Display":"Completely agree"}},"ChoiceOrder":["20","23","24","25","26","27","28"],"Validation":{"Settings":{"ForceResponse":"RequestResponse","ForceResponseType":"RequestResponse","Type":"None"}},"GradingData":[],"Language":[],"QuestionText_Unsafe":"We want to know whether it would be appropriate for Sally to take back what she said (for example, by saying \"Ok, scratch that\").&nbsp;\n<div>&nbsp;<\/div>\n\n<div>So please tell us whether you agree or disagree with the following statement:&nbsp;<\/div><div><br><\/div>\n\n<ul>\n\t<li>It would be appropriate for Sally to take back what she said.<\/li>\n<\/ul>","RecodeValues":{"20":"1","23":"2","24":"3","25":"4","26":"5","27":"6","28":"7"},"DataVisibility":{"Private":false,"Hidden":false},"NextChoiceId":29,"NextAnswerId":1,"DataExportTag":"attitude_retraction","QuestionID":"QID102"}},{"SurveyID":"SV_bfuzrkd52x7RWdf","Element":"SQ","PrimaryAttribute":"QID96","SecondaryAttribute":"We want to know whether what Sally said is false. So please tell us whether you agree or disagree...","TertiaryAttribute":null,"Payload":{"QuestionText":"We want to know whether what Sally said is false. So please tell\nus whether you agree or disagree with the following statement:\n<div>&nbsp;<\/div>\n\n<ul>\n <li>What Sally said is false.<\/li>\n<\/ul>","DefaultChoices":false,"DataExportTag":"modal_falsity","QuestionType":"MC","Selector":"SAHR","SubSelector":"TX","DataVisibility":{"Private":false,"Hidden":false},"Configuration":{"QuestionDescriptionOption":"UseText","LabelPosition":"BELOW"},"QuestionDescription":"We want to know whether what Sally said is false. So please tell us whether you agree or disagree...","Choices":{"20":{"Display":"Completely disagree"},"23":{"Display":"&nbsp;"},"24":{"Display":"&nbsp;"},"25":{"Display":"&nbsp;"},"26":{"Display":"&nbsp;"},"27":{"Display":"&nbsp;"},"28":{"Display":"Completely agree"}},"ChoiceOrder":["20","23","24","25","26","27","28"],"Validation":{"Settings":{"ForceResponse":"RequestResponse","ForceResponseType":"RequestResponse","Type":"None"}},"RecodeValues":{"20":"1","23":"2","24":"3","25":"4","26":"5","27":"6","28":"7"},"GradingData":[],"Language":[],"NextChoiceId":29,"NextAnswerId":1,"QuestionID":"QID96"}},{"SurveyID":"SV_bfuzrkd52x7RWdf","Element":"SQ","PrimaryAttribute":"QID99","SecondaryAttribute":"We want to know whether what Sally said is false. So please tell us whether you agree or disagree...","TertiaryAttribute":null,"Payload":{"QuestionText":"We want to know whether what Sally said is false. So please tell\nus whether you agree or disagree with the following statement:\n<div>&nbsp;<\/div>\n\n<ul>\n <li>What Sally said is false.<\/li>\n<\/ul>","DefaultChoices":false,"QuestionType":"MC","Selector":"SAHR","SubSelector":"TX","DataVisibility":{"Private":false,"Hidden":false},"Configuration":{"QuestionDescriptionOption":"UseText","LabelPosition":"BELOW"},"QuestionDescription":"We want to know whether what Sally said is false. So please tell us whether you agree or disagree...","Choices":{"20":{"Display":"Completely disagree"},"23":{"Display":"&nbsp;"},"24":{"Display":"&nbsp;"},"25":{"Display":"&nbsp;"},"26":{"Display":"&nbsp;"},"27":{"Display":"&nbsp;"},"28":{"Display":"Completely agree"}},"ChoiceOrder":["20","23","24","25","26","27","28"],"Validation":{"Settings":{"ForceResponse":"RequestResponse","ForceResponseType":"RequestResponse","Type":"None"}},"RecodeValues":{"20":"1","23":"2","24":"3","25":"4","26":"5","27":"6","28":"7"},"GradingData":[],"Language":[],"NextChoiceId":29,"NextAnswerId":1,"QuestionText_Unsafe":"We want to know whether what Sally said is false. So please tell\nus whether you agree or disagree with the following statement:\n<div>&nbsp;<\/div>\n\n<div>So please tell us whether you agree or disagree with the following statement:&nbsp;<\/div><div><br><\/div>\n\n<ul>\n <li>What Sally said is false.<\/li>\n<\/ul>","DataExportTag":"non_falsity","QuestionID":"QID99"}},{"SurveyID":"SV_bfuzrkd52x7RWdf","Element":"SQ","PrimaryAttribute":"QID103","SecondaryAttribute":"We want to know whether what Sally said is false. So please tell us whether you agree or disagree...","TertiaryAttribute":null,"Payload":{"QuestionText":"We want to know whether what Sally said is false. So please tell\nus whether you agree or disagree with the following statement:\n<div>&nbsp;<\/div>\n\n<ul>\n <li>What Sally said is false.<\/li>\n<\/ul>","DefaultChoices":false,"QuestionType":"MC","Selector":"SAHR","SubSelector":"TX","DataVisibility":{"Private":false,"Hidden":false},"Configuration":{"QuestionDescriptionOption":"UseText","LabelPosition":"BELOW"},"QuestionDescription":"We want to know whether what Sally said is false. So please tell us whether you agree or disagree...","Choices":{"20":{"Display":"Completely disagree"},"23":{"Display":"&nbsp;"},"24":{"Display":"&nbsp;"},"25":{"Display":"&nbsp;"},"26":{"Display":"&nbsp;"},"27":{"Display":"&nbsp;"},"28":{"Display":"Completely agree"}},"ChoiceOrder":["20","23","24","25","26","27","28"],"Validation":{"Settings":{"ForceResponse":"RequestResponse","ForceResponseType":"RequestResponse","Type":"None"}},"RecodeValues":{"20":"1","23":"2","24":"3","25":"4","26":"5","27":"6","28":"7"},"GradingData":[],"Language":[],"NextChoiceId":29,"NextAnswerId":1,"QuestionText_Unsafe":"We want to know whether what Sally said is false. So please tell\nus whether you agree or disagree with the following statement:\n<div>&nbsp;<\/div>\n\n<div>So please tell us whether you agree or disagree with the following statement:&nbsp;<\/div><div><br><\/div>\n\n<ul>\n <li>What Sally said is false.<\/li>\n<\/ul>","DataExportTag":"attitude_falsity","QuestionID":"QID103"}},{"SurveyID":"SV_bfuzrkd52x7RWdf","Element":"SQ","PrimaryAttribute":"QID13","SecondaryAttribute":"What is your age?\n\n \u00a0","TertiaryAttribute":null,"Payload":{"QuestionText":"<div>\n\tWhat is your age?<\/div>\n<div>\n\t&nbsp;<\/div>","DataExportTag":"Age","QuestionType":"TE","Selector":"SL","Configuration":{"QuestionDescriptionOption":"UseText"},"QuestionDescription":"What is your age?\n\n \u00a0","Validation":{"Settings":{"ForceResponse":"OFF","ForceResponseType":"ON","Type":"None"}},"GradingData":[],"Language":[],"QuestionID":"QID13"}},{"SurveyID":"SV_bfuzrkd52x7RWdf","Element":"SQ","PrimaryAttribute":"QID15","SecondaryAttribute":"What is your ethnicity?","TertiaryAttribute":null,"Payload":{"QuestionText":"<div>\n\tWhat is your ethnicity?<\/div>","DefaultChoices":false,"DataExportTag":"Ethnicity","QuestionType":"MC","Selector":"SAVR","SubSelector":"TX","Configuration":{"QuestionDescriptionOption":"UseText"},"QuestionDescription":"What is your ethnicity?","Choices":{"1":{"Display":"Black \/ African American"},"2":{"Display":"Hispanic \/ Latino"},"3":{"Display":"Asian \/ Pacific Islander"},"4":{"Display":"Native American \/ American Indian"},"5":{"Display":"White \/ Caucasian"},"6":{"Display":"Other","TextEntry":"true"}},"ChoiceOrder":["1","2","3","4","5","6"],"Validation":{"Settings":{"ForceResponse":"OFF","ForceResponseType":"ON","Type":"None"}},"GradingData":[],"Language":[],"QuestionID":"QID15"}},{"SurveyID":"SV_bfuzrkd52x7RWdf","Element":"SQ","PrimaryAttribute":"QID14","SecondaryAttribute":"What is your gender? \u00a0","TertiaryAttribute":null,"Payload":{"QuestionText":"<div>\n\tWhat is your gender?<\/div>\n<div>\n\t&nbsp;<\/div>","DataExportTag":"Gender","QuestionType":"MC","Selector":"SAVR","SubSelector":"TX","Configuration":{"QuestionDescriptionOption":"UseText"},"QuestionDescription":"What is your gender? \u00a0","Choices":{"1":{"Display":"Male"},"2":{"Display":"Female"},"3":{"Display":"Other","TextEntry":"true"},"4":{"Display":"Non-binary"}},"ChoiceOrder":[1,2,3,"4"],"Validation":{"Settings":{"ForceResponse":"OFF","ForceResponseType":"ON"}},"Language":[],"QuestionID":"QID14","DataVisibility":{"Private":false,"Hidden":false},"NextChoiceId":5,"NextAnswerId":1}},{"SurveyID":"SV_bfuzrkd52x7RWdf","Element":"SQ","PrimaryAttribute":"QID27","SecondaryAttribute":"You will be presented with a short story and then will be asked questions about it. Please read t...","TertiaryAttribute":null,"Payload":{"QuestionText":"<span style=\"font-size:16px;\">You will be presented with a short story and then will be asked questions about it. Please read the story carefully. When you are ready to begin, you can go to the next page.&nbsp;<\/span>","DefaultChoices":false,"DataExportTag":"Instr","QuestionType":"DB","Selector":"TB","Configuration":{"QuestionDescriptionOption":"UseText"},"QuestionDescription":"You will be presented with a short story and then will be asked questions about it. Please read t...","ChoiceOrder":[],"Validation":{"Settings":{"Type":"None"}},"GradingData":[],"Language":[],"QuestionID":"QID27"}}]}